
Microsoft Visual Studio Solution File, Format Version 12.00
# Visual Studio 15
VisualStudioVersion = 15.0.25618.0
MinimumVisualStudioVersion = 10.0.40219.1
Project("{FAE04EC0-301F-11D3-BF4B-00C04F79EFBC}") = "Launchy", "Launchy\Launchy.csproj", "{64BB300A-A38C-4F9B-831F-3AA3D15049CD}"
EndProject
Global
	GlobalSection(SolutionConfigurationPlatforms) = preSolution
		Debug|Any CPU = Debug|Any CPU
		Release|Any CPU = Release|Any CPU
	EndGlobalSection
	GlobalSection(ProjectConfigurationPlatforms) = postSolution
		{64BB300A-A38C-4F9B-831F-3AA3D15049CD}.Debug|Any CPU.ActiveCfg = Debug|Any CPU
		{64BB300A-A38C-4F9B-831F-3AA3D15049CD}.Debug|Any CPU.Build.0 = Debug|Any CPU
		{64BB300A-A38C-4F9B-831F-3AA3D15049CD}.Release|Any CPU.ActiveCfg = Release|Any CPU
		{64BB300A-A38C-4F9B-831F-3AA3D15049CD}.Release|Any CPU.Build.0 = Release|Any CPU
	EndGlobalSection
	GlobalSection(SolutionProperties) = preSolution
		HideSolutionNode = FALSE
	EndGlobalSection
EndGlobal
